// !$*UTF8*$!
{
	archiveVersion = 1;
	classes = {
	};
	objectVersion = 46;
	objects = {

/* Begin PBXBuildFile section */
		B14883431F3C4D32007A9E2E /* AppDelegate.swift in Sources */ = {isa = PBXBuildFile; fileRef = B14883421F3C4D32007A9E2E /* AppDelegate.swift */; };
		B14883451F3C4D32007A9E2E /* HomeViewController.swift in Sources */ = {isa = PBXBuildFile; fileRef = B14883441F3C4D32007A9E2E /* HomeViewController.swift */; };
		B148834A1F3C4D32007A9E2E /* Main.storyboard in Resources */ = {isa = PBXBuildFile; fileRef = B14883481F3C4D32007A9E2E /* Main.storyboard */; };
		B148834C1F3C4D32007A9E2E /* Assets.xcassets in Resources */ = {isa = PBXBuildFile; fileRef = B148834B1F3C4D32007A9E2E /* Assets.xcassets */; };
		B148834F1F3C4D32007A9E2E /* LaunchScreen.storyboard in Resources */ = {isa = PBXBuildFile; fileRef = B148834D1F3C4D32007A9E2E /* LaunchScreen.storyboard */; };
		B148835A1F3C4D32007A9E2E /* NavigationForiOSTests.swift in Sources */ = {isa = PBXBuildFile; fileRef = B14883591F3C4D32007A9E2E /* NavigationForiOSTests.swift */; };
		B14883651F3C4D32007A9E2E /* NavigationForiOSUITests.swift in Sources */ = {isa = PBXBuildFile; fileRef = B14883641F3C4D32007A9E2E /* NavigationForiOSUITests.swift */; };
		B14883801F43538B007A9E2E /* RouteViewController.swift in Sources */ = {isa = PBXBuildFile; fileRef = B148837F1F43538B007A9E2E /* RouteViewController.swift */; };
		B14883831F4353DA007A9E2E /* Eureka.framework in Frameworks */ = {isa = PBXBuildFile; fileRef = B14883821F4353DA007A9E2E /* Eureka.framework */; };
		B14883851F435BF1007A9E2E /* NavigationViewController.swift in Sources */ = {isa = PBXBuildFile; fileRef = B14883841F435BF1007A9E2E /* NavigationViewController.swift */; };
		B14883871F43D898007A9E2E /* Eureka.framework in Embed Frameworks */ = {isa = PBXBuildFile; fileRef = B14883821F4353DA007A9E2E /* Eureka.framework */; settings = {ATTRIBUTES = (CodeSignOnCopy, RemoveHeadersOnCopy, ); }; };
		B148838A1F44996B007A9E2E /* RouteViewControllerTests.swift in Sources */ = {isa = PBXBuildFile; fileRef = B14883891F44996B007A9E2E /* RouteViewControllerTests.swift */; };
		B14883931F4560FD007A9E2E /* LocationService.swift in Sources */ = {isa = PBXBuildFile; fileRef = B14883921F4560FD007A9E2E /* LocationService.swift */; };
		B14883971F456542007A9E2E /* SwiftyJSON.framework in Frameworks */ = {isa = PBXBuildFile; fileRef = B14883951F456542007A9E2E /* SwiftyJSON.framework */; };
		B14883981F456549007A9E2E /* Alamofire.framework in Frameworks */ = {isa = PBXBuildFile; fileRef = B14883941F456542007A9E2E /* Alamofire.framework */; };
		B14883991F456549007A9E2E /* Alamofire.framework in Embed Frameworks */ = {isa = PBXBuildFile; fileRef = B14883941F456542007A9E2E /* Alamofire.framework */; settings = {ATTRIBUTES = (CodeSignOnCopy, RemoveHeadersOnCopy, ); }; };
		B148839B1F456554007A9E2E /* SwiftyJSON.framework in Embed Frameworks */ = {isa = PBXBuildFile; fileRef = B14883951F456542007A9E2E /* SwiftyJSON.framework */; settings = {ATTRIBUTES = (CodeSignOnCopy, RemoveHeadersOnCopy, ); }; };
		B148839F1F4592B5007A9E2E /* EventService.swift in Sources */ = {isa = PBXBuildFile; fileRef = B148839E1F4592B5007A9E2E /* EventService.swift */; };
		EBD097441F47226F005F7244 /* CoreMotion.framework in Frameworks */ = {isa = PBXBuildFile; fileRef = EBD097431F47226F005F7244 /* CoreMotion.framework */; };
/* End PBXBuildFile section */

/* Begin PBXContainerItemProxy section */
		B14883561F3C4D32007A9E2E /* PBXContainerItemProxy */ = {
			isa = PBXContainerItemProxy;
			containerPortal = B14883371F3C4D32007A9E2E /* Project object */;
			proxyType = 1;
			remoteGlobalIDString = B148833E1F3C4D32007A9E2E;
			remoteInfo = NavigationForiOS;
		};
		B14883611F3C4D32007A9E2E /* PBXContainerItemProxy */ = {
			isa = PBXContainerItemProxy;
			containerPortal = B14883371F3C4D32007A9E2E /* Project object */;
			proxyType = 1;
			remoteGlobalIDString = B148833E1F3C4D32007A9E2E;
			remoteInfo = NavigationForiOS;
		};
/* End PBXContainerItemProxy section */

/* Begin PBXCopyFilesBuildPhase section */
		B14883881F43D898007A9E2E /* Embed Frameworks */ = {
			isa = PBXCopyFilesBuildPhase;
			buildActionMask = 2147483647;
			dstPath = "";
			dstSubfolderSpec = 10;
			files = (
				B14883871F43D898007A9E2E /* Eureka.framework in Embed Frameworks */,
				B14883991F456549007A9E2E /* Alamofire.framework in Embed Frameworks */,
				B148839B1F456554007A9E2E /* SwiftyJSON.framework in Embed Frameworks */,
			);
			name = "Embed Frameworks";
			runOnlyForDeploymentPostprocessing = 0;
		};
/* End PBXCopyFilesBuildPhase section */

/* Begin PBXFileReference section */
		B148833F1F3C4D32007A9E2E /* NavigationForiOS.app */ = {isa = PBXFileReference; explicitFileType = wrapper.application; includeInIndex = 0; path = NavigationForiOS.app; sourceTree = BUILT_PRODUCTS_DIR; };
		B14883421F3C4D32007A9E2E /* AppDelegate.swift */ = {isa = PBXFileReference; lastKnownFileType = sourcecode.swift; path = AppDelegate.swift; sourceTree = "<group>"; };
		B14883441F3C4D32007A9E2E /* HomeViewController.swift */ = {isa = PBXFileReference; lastKnownFileType = sourcecode.swift; path = HomeViewController.swift; sourceTree = "<group>"; };
		B14883491F3C4D32007A9E2E /* Base */ = {isa = PBXFileReference; lastKnownFileType = file.storyboard; name = Base; path = Base.lproj/Main.storyboard; sourceTree = "<group>"; };
		B148834B1F3C4D32007A9E2E /* Assets.xcassets */ = {isa = PBXFileReference; lastKnownFileType = folder.assetcatalog; path = Assets.xcassets; sourceTree = "<group>"; };
		B148834E1F3C4D32007A9E2E /* Base */ = {isa = PBXFileReference; lastKnownFileType = file.storyboard; name = Base; path = Base.lproj/LaunchScreen.storyboard; sourceTree = "<group>"; };
		B14883501F3C4D32007A9E2E /* Info.plist */ = {isa = PBXFileReference; lastKnownFileType = text.plist.xml; path = Info.plist; sourceTree = "<group>"; };
		B14883551F3C4D32007A9E2E /* NavigationForiOSTests.xctest */ = {isa = PBXFileReference; explicitFileType = wrapper.cfbundle; includeInIndex = 0; path = NavigationForiOSTests.xctest; sourceTree = BUILT_PRODUCTS_DIR; };
		B14883591F3C4D32007A9E2E /* NavigationForiOSTests.swift */ = {isa = PBXFileReference; lastKnownFileType = sourcecode.swift; path = NavigationForiOSTests.swift; sourceTree = "<group>"; };
		B148835B1F3C4D32007A9E2E /* Info.plist */ = {isa = PBXFileReference; lastKnownFileType = text.plist.xml; path = Info.plist; sourceTree = "<group>"; };
		B14883601F3C4D32007A9E2E /* NavigationForiOSUITests.xctest */ = {isa = PBXFileReference; explicitFileType = wrapper.cfbundle; includeInIndex = 0; path = NavigationForiOSUITests.xctest; sourceTree = BUILT_PRODUCTS_DIR; };
		B14883641F3C4D32007A9E2E /* NavigationForiOSUITests.swift */ = {isa = PBXFileReference; lastKnownFileType = sourcecode.swift; path = NavigationForiOSUITests.swift; sourceTree = "<group>"; };
		B14883661F3C4D32007A9E2E /* Info.plist */ = {isa = PBXFileReference; lastKnownFileType = text.plist.xml; path = Info.plist; sourceTree = "<group>"; };
		B148837F1F43538B007A9E2E /* RouteViewController.swift */ = {isa = PBXFileReference; fileEncoding = 4; lastKnownFileType = sourcecode.swift; path = RouteViewController.swift; sourceTree = "<group>"; };
		B14883821F4353DA007A9E2E /* Eureka.framework */ = {isa = PBXFileReference; lastKnownFileType = wrapper.framework; name = Eureka.framework; path = Carthage/Build/iOS/Eureka.framework; sourceTree = "<group>"; };
		B14883841F435BF1007A9E2E /* NavigationViewController.swift */ = {isa = PBXFileReference; fileEncoding = 4; lastKnownFileType = sourcecode.swift; path = NavigationViewController.swift; sourceTree = "<group>"; };
		B14883891F44996B007A9E2E /* RouteViewControllerTests.swift */ = {isa = PBXFileReference; fileEncoding = 4; lastKnownFileType = sourcecode.swift; path = RouteViewControllerTests.swift; sourceTree = "<group>"; };
		B14883921F4560FD007A9E2E /* LocationService.swift */ = {isa = PBXFileReference; fileEncoding = 4; lastKnownFileType = sourcecode.swift; path = LocationService.swift; sourceTree = "<group>"; };
		B14883941F456542007A9E2E /* Alamofire.framework */ = {isa = PBXFileReference; lastKnownFileType = wrapper.framework; name = Alamofire.framework; path = Carthage/Build/iOS/Alamofire.framework; sourceTree = "<group>"; };
		B14883951F456542007A9E2E /* SwiftyJSON.framework */ = {isa = PBXFileReference; lastKnownFileType = wrapper.framework; name = SwiftyJSON.framework; path = Carthage/Build/iOS/SwiftyJSON.framework; sourceTree = "<group>"; };
		B148839E1F4592B5007A9E2E /* EventService.swift */ = {isa = PBXFileReference; fileEncoding = 4; lastKnownFileType = sourcecode.swift; path = EventService.swift; sourceTree = "<group>"; };
		EBD097431F47226F005F7244 /* CoreMotion.framework */ = {isa = PBXFileReference; lastKnownFileType = wrapper.framework; name = CoreMotion.framework; path = System/Library/Frameworks/CoreMotion.framework; sourceTree = SDKROOT; };
/* End PBXFileReference section */

/* Begin PBXFrameworksBuildPhase section */
		B148833C1F3C4D32007A9E2E /* Frameworks */ = {
			isa = PBXFrameworksBuildPhase;
			buildActionMask = 2147483647;
			files = (
				EBD097441F47226F005F7244 /* CoreMotion.framework in Frameworks */,
				B14883971F456542007A9E2E /* SwiftyJSON.framework in Frameworks */,
				B14883831F4353DA007A9E2E /* Eureka.framework in Frameworks */,
				B14883981F456549007A9E2E /* Alamofire.framework in Frameworks */,
			);
			runOnlyForDeploymentPostprocessing = 0;
		};
		B14883521F3C4D32007A9E2E /* Frameworks */ = {
			isa = PBXFrameworksBuildPhase;
			buildActionMask = 2147483647;
			files = (
			);
			runOnlyForDeploymentPostprocessing = 0;
		};
		B148835D1F3C4D32007A9E2E /* Frameworks */ = {
			isa = PBXFrameworksBuildPhase;
			buildActionMask = 2147483647;
			files = (
			);
			runOnlyForDeploymentPostprocessing = 0;
		};
/* End PBXFrameworksBuildPhase section */

/* Begin PBXGroup section */
		B14883361F3C4D32007A9E2E = {
			isa = PBXGroup;
			children = (
				B14883411F3C4D32007A9E2E /* NavigationForiOS */,
				B14883581F3C4D32007A9E2E /* NavigationForiOSTests */,
				B14883631F3C4D32007A9E2E /* NavigationForiOSUITests */,
				B14883401F3C4D32007A9E2E /* Products */,
				B14883811F4353DA007A9E2E /* Frameworks */,
			);
			sourceTree = "<group>";
		};
		B14883401F3C4D32007A9E2E /* Products */ = {
			isa = PBXGroup;
			children = (
				B148833F1F3C4D32007A9E2E /* NavigationForiOS.app */,
				B14883551F3C4D32007A9E2E /* NavigationForiOSTests.xctest */,
				B14883601F3C4D32007A9E2E /* NavigationForiOSUITests.xctest */,
			);
			name = Products;
			sourceTree = "<group>";
		};
		B14883411F3C4D32007A9E2E /* NavigationForiOS */ = {
			isa = PBXGroup;
			children = (
				B14883911F455CE0007A9E2E /* services */,
				B14883901F455CB3007A9E2E /* models */,
				B148838E1F455C22007A9E2E /* controllers */,
				B14883421F3C4D32007A9E2E /* AppDelegate.swift */,
				B14883481F3C4D32007A9E2E /* Main.storyboard */,
				B148834B1F3C4D32007A9E2E /* Assets.xcassets */,
				B148834D1F3C4D32007A9E2E /* LaunchScreen.storyboard */,
				B14883501F3C4D32007A9E2E /* Info.plist */,
			);
			path = NavigationForiOS;
			sourceTree = "<group>";
		};
		B14883581F3C4D32007A9E2E /* NavigationForiOSTests */ = {
			isa = PBXGroup;
			children = (
				B148839D1F458CAA007A9E2E /* models */,
				B148839C1F458CA3007A9E2E /* services */,
				B14883591F3C4D32007A9E2E /* NavigationForiOSTests.swift */,
				B148838F1F455C42007A9E2E /* controllers */,
				B148835B1F3C4D32007A9E2E /* Info.plist */,
			);
			path = NavigationForiOSTests;
			sourceTree = "<group>";
		};
		B14883631F3C4D32007A9E2E /* NavigationForiOSUITests */ = {
			isa = PBXGroup;
			children = (
				B14883641F3C4D32007A9E2E /* NavigationForiOSUITests.swift */,
				B14883661F3C4D32007A9E2E /* Info.plist */,
			);
			path = NavigationForiOSUITests;
			sourceTree = "<group>";
		};
		B14883811F4353DA007A9E2E /* Frameworks */ = {
			isa = PBXGroup;
			children = (
				EBD097431F47226F005F7244 /* CoreMotion.framework */,
				B14883941F456542007A9E2E /* Alamofire.framework */,
				B14883951F456542007A9E2E /* SwiftyJSON.framework */,
				B14883821F4353DA007A9E2E /* Eureka.framework */,
			);
			name = Frameworks;
			sourceTree = "<group>";
		};
		B148838E1F455C22007A9E2E /* controllers */ = {
			isa = PBXGroup;
			children = (
				B14883841F435BF1007A9E2E /* NavigationViewController.swift */,
				B148837F1F43538B007A9E2E /* RouteViewController.swift */,
				B14883441F3C4D32007A9E2E /* HomeViewController.swift */,
			);
			name = controllers;
			sourceTree = "<group>";
		};
		B148838F1F455C42007A9E2E /* controllers */ = {
			isa = PBXGroup;
			children = (
				B14883891F44996B007A9E2E /* RouteViewControllerTests.swift */,
			);
			name = controllers;
			sourceTree = "<group>";
		};
		B14883901F455CB3007A9E2E /* models */ = {
			isa = PBXGroup;
			children = (
			);
			name = models;
			sourceTree = "<group>";
		};
		B14883911F455CE0007A9E2E /* services */ = {
			isa = PBXGroup;
			children = (
				B14883921F4560FD007A9E2E /* LocationService.swift */,
				B148839E1F4592B5007A9E2E /* EventService.swift */,
			);
			name = services;
			sourceTree = "<group>";
		};
		B148839C1F458CA3007A9E2E /* services */ = {
			isa = PBXGroup;
			children = (
			);
			name = services;
			sourceTree = "<group>";
		};
		B148839D1F458CAA007A9E2E /* models */ = {
			isa = PBXGroup;
			children = (
			);
			name = models;
			sourceTree = "<group>";
		};
/* End PBXGroup section */

/* Begin PBXNativeTarget section */
		B148833E1F3C4D32007A9E2E /* NavigationForiOS */ = {
			isa = PBXNativeTarget;
			buildConfigurationList = B14883691F3C4D32007A9E2E /* Build configuration list for PBXNativeTarget "NavigationForiOS" */;
			buildPhases = (
				B148833B1F3C4D32007A9E2E /* Sources */,
				B148833C1F3C4D32007A9E2E /* Frameworks */,
				B148833D1F3C4D32007A9E2E /* Resources */,
				B14883881F43D898007A9E2E /* Embed Frameworks */,
			);
			buildRules = (
			);
			dependencies = (
			);
			name = NavigationForiOS;
			productName = NavigationForiOS;
			productReference = B148833F1F3C4D32007A9E2E /* NavigationForiOS.app */;
			productType = "com.apple.product-type.application";
		};
		B14883541F3C4D32007A9E2E /* NavigationForiOSTests */ = {
			isa = PBXNativeTarget;
			buildConfigurationList = B148836C1F3C4D32007A9E2E /* Build configuration list for PBXNativeTarget "NavigationForiOSTests" */;
			buildPhases = (
				B14883511F3C4D32007A9E2E /* Sources */,
				B14883521F3C4D32007A9E2E /* Frameworks */,
				B14883531F3C4D32007A9E2E /* Resources */,
			);
			buildRules = (
			);
			dependencies = (
				B14883571F3C4D32007A9E2E /* PBXTargetDependency */,
			);
			name = NavigationForiOSTests;
			productName = NavigationForiOSTests;
			productReference = B14883551F3C4D32007A9E2E /* NavigationForiOSTests.xctest */;
			productType = "com.apple.product-type.bundle.unit-test";
		};
		B148835F1F3C4D32007A9E2E /* NavigationForiOSUITests */ = {
			isa = PBXNativeTarget;
			buildConfigurationList = B148836F1F3C4D32007A9E2E /* Build configuration list for PBXNativeTarget "NavigationForiOSUITests" */;
			buildPhases = (
				B148835C1F3C4D32007A9E2E /* Sources */,
				B148835D1F3C4D32007A9E2E /* Frameworks */,
				B148835E1F3C4D32007A9E2E /* Resources */,
			);
			buildRules = (
			);
			dependencies = (
				B14883621F3C4D32007A9E2E /* PBXTargetDependency */,
			);
			name = NavigationForiOSUITests;
			productName = NavigationForiOSUITests;
			productReference = B14883601F3C4D32007A9E2E /* NavigationForiOSUITests.xctest */;
			productType = "com.apple.product-type.bundle.ui-testing";
		};
/* End PBXNativeTarget section */

/* Begin PBXProject section */
		B14883371F3C4D32007A9E2E /* Project object */ = {
			isa = PBXProject;
			attributes = {
				LastSwiftUpdateCheck = 0830;
				LastUpgradeCheck = 0830;
				ORGANIZATIONNAME = UmeSystems;
				TargetAttributes = {
					B148833E1F3C4D32007A9E2E = {
						CreatedOnToolsVersion = 8.3.1;
						DevelopmentTeam = Z7ZDY7W629;
						ProvisioningStyle = Automatic;
					};
					B14883541F3C4D32007A9E2E = {
						CreatedOnToolsVersion = 8.3.1;
						DevelopmentTeam = Z7ZDY7W629;
						ProvisioningStyle = Automatic;
						TestTargetID = B148833E1F3C4D32007A9E2E;
					};
					B148835F1F3C4D32007A9E2E = {
						CreatedOnToolsVersion = 8.3.1;
						DevelopmentTeam = Z7ZDY7W629;
						ProvisioningStyle = Automatic;
						TestTargetID = B148833E1F3C4D32007A9E2E;
					};
				};
			};
			buildConfigurationList = B148833A1F3C4D32007A9E2E /* Build configuration list for PBXProject "NavigationForiOS" */;
			compatibilityVersion = "Xcode 3.2";
			developmentRegion = English;
			hasScannedForEncodings = 0;
			knownRegions = (
				en,
				Base,
			);
			mainGroup = B14883361F3C4D32007A9E2E;
			productRefGroup = B14883401F3C4D32007A9E2E /* Products */;
			projectDirPath = "";
			projectRoot = "";
			targets = (
				B148833E1F3C4D32007A9E2E /* NavigationForiOS */,
				B14883541F3C4D32007A9E2E /* NavigationForiOSTests */,
				B148835F1F3C4D32007A9E2E /* NavigationForiOSUITests */,
			);
		};
/* End PBXProject section */

/* Begin PBXResourcesBuildPhase section */
		B148833D1F3C4D32007A9E2E /* Resources */ = {
			isa = PBXResourcesBuildPhase;
			buildActionMask = 2147483647;
			files = (
				B148834F1F3C4D32007A9E2E /* LaunchScreen.storyboard in Resources */,
				B148834C1F3C4D32007A9E2E /* Assets.xcassets in Resources */,
				B148834A1F3C4D32007A9E2E /* Main.storyboard in Resources */,
			);
			runOnlyForDeploymentPostprocessing = 0;
		};
		B14883531F3C4D32007A9E2E /* Resources */ = {
			isa = PBXResourcesBuildPhase;
			buildActionMask = 2147483647;
			files = (
			);
			runOnlyForDeploymentPostprocessing = 0;
		};
		B148835E1F3C4D32007A9E2E /* Resources */ = {
			isa = PBXResourcesBuildPhase;
			buildActionMask = 2147483647;
			files = (
			);
			runOnlyForDeploymentPostprocessing = 0;
		};
/* End PBXResourcesBuildPhase section */

/* Begin PBXSourcesBuildPhase section */
		B148833B1F3C4D32007A9E2E /* Sources */ = {
			isa = PBXSourcesBuildPhase;
			buildActionMask = 2147483647;
			files = (
				B148839F1F4592B5007A9E2E /* EventService.swift in Sources */,
				B14883851F435BF1007A9E2E /* NavigationViewController.swift in Sources */,
				B14883431F3C4D32007A9E2E /* AppDelegate.swift in Sources */,
				B14883931F4560FD007A9E2E /* LocationService.swift in Sources */,
				B14883451F3C4D32007A9E2E /* HomeViewController.swift in Sources */,
				B14883801F43538B007A9E2E /* RouteViewController.swift in Sources */,
			);
			runOnlyForDeploymentPostprocessing = 0;
		};
		B14883511F3C4D32007A9E2E /* Sources */ = {
			isa = PBXSourcesBuildPhase;
			buildActionMask = 2147483647;
			files = (
				B148838A1F44996B007A9E2E /* RouteViewControllerTests.swift in Sources */,
				B148835A1F3C4D32007A9E2E /* NavigationForiOSTests.swift in Sources */,
			);
			runOnlyForDeploymentPostprocessing = 0;
		};
		B148835C1F3C4D32007A9E2E /* Sources */ = {
			isa = PBXSourcesBuildPhase;
			buildActionMask = 2147483647;
			files = (
				B14883651F3C4D32007A9E2E /* NavigationForiOSUITests.swift in Sources */,
			);
			runOnlyForDeploymentPostprocessing = 0;
		};
/* End PBXSourcesBuildPhase section */

/* Begin PBXTargetDependency section */
		B14883571F3C4D32007A9E2E /* PBXTargetDependency */ = {
			isa = PBXTargetDependency;
			target = B148833E1F3C4D32007A9E2E /* NavigationForiOS */;
			targetProxy = B14883561F3C4D32007A9E2E /* PBXContainerItemProxy */;
		};
		B14883621F3C4D32007A9E2E /* PBXTargetDependency */ = {
			isa = PBXTargetDependency;
			target = B148833E1F3C4D32007A9E2E /* NavigationForiOS */;
			targetProxy = B14883611F3C4D32007A9E2E /* PBXContainerItemProxy */;
		};
/* End PBXTargetDependency section */

/* Begin PBXVariantGroup section */
		B14883481F3C4D32007A9E2E /* Main.storyboard */ = {
			isa = PBXVariantGroup;
			children = (
				B14883491F3C4D32007A9E2E /* Base */,
			);
			name = Main.storyboard;
			sourceTree = "<group>";
		};
		B148834D1F3C4D32007A9E2E /* LaunchScreen.storyboard */ = {
			isa = PBXVariantGroup;
			children = (
				B148834E1F3C4D32007A9E2E /* Base */,
			);
			name = LaunchScreen.storyboard;
			sourceTree = "<group>";
		};
/* End PBXVariantGroup section */

/* Begin XCBuildConfiguration section */
		B14883671F3C4D32007A9E2E /* Debug */ = {
			isa = XCBuildConfiguration;
			buildSettings = {
				ALWAYS_SEARCH_USER_PATHS = NO;
				CLANG_ANALYZER_NONNULL = YES;
				CLANG_ANALYZER_NUMBER_OBJECT_CONVERSION = YES_AGGRESSIVE;
				CLANG_CXX_LANGUAGE_STANDARD = "gnu++0x";
				CLANG_CXX_LIBRARY = "libc++";
				CLANG_ENABLE_MODULES = YES;
				CLANG_ENABLE_OBJC_ARC = YES;
				CLANG_WARN_BOOL_CONVERSION = YES;
				CLANG_WARN_CONSTANT_CONVERSION = YES;
				CLANG_WARN_DIRECT_OBJC_ISA_USAGE = YES_ERROR;
				CLANG_WARN_DOCUMENTATION_COMMENTS = YES;
				CLANG_WARN_EMPTY_BODY = YES;
				CLANG_WARN_ENUM_CONVERSION = YES;
				CLANG_WARN_INFINITE_RECURSION = YES;
				CLANG_WARN_INT_CONVERSION = YES;
				CLANG_WARN_OBJC_ROOT_CLASS = YES_ERROR;
				CLANG_WARN_SUSPICIOUS_MOVE = YES;
				CLANG_WARN_UNREACHABLE_CODE = YES;
				CLANG_WARN__DUPLICATE_METHOD_MATCH = YES;
				"CODE_SIGN_IDENTITY[sdk=iphoneos*]" = "iPhone Developer";
				COPY_PHASE_STRIP = NO;
				DEBUG_INFORMATION_FORMAT = dwarf;
				ENABLE_STRICT_OBJC_MSGSEND = YES;
				ENABLE_TESTABILITY = YES;
				GCC_C_LANGUAGE_STANDARD = gnu99;
				GCC_DYNAMIC_NO_PIC = NO;
				GCC_NO_COMMON_BLOCKS = YES;
				GCC_OPTIMIZATION_LEVEL = 0;
				GCC_PREPROCESSOR_DEFINITIONS = (
					"DEBUG=1",
					"$(inherited)",
				);
				GCC_WARN_64_TO_32_BIT_CONVERSION = YES;
				GCC_WARN_ABOUT_RETURN_TYPE = YES_ERROR;
				GCC_WARN_UNDECLARED_SELECTOR = YES;
				GCC_WARN_UNINITIALIZED_AUTOS = YES_AGGRESSIVE;
				GCC_WARN_UNUSED_FUNCTION = YES;
				GCC_WARN_UNUSED_VARIABLE = YES;
				IPHONEOS_DEPLOYMENT_TARGET = 10.3;
				MTL_ENABLE_DEBUG_INFO = YES;
				ONLY_ACTIVE_ARCH = YES;
				SDKROOT = iphoneos;
				SWIFT_ACTIVE_COMPILATION_CONDITIONS = DEBUG;
				SWIFT_OPTIMIZATION_LEVEL = "-Onone";
				TARGETED_DEVICE_FAMILY = "1,2";
			};
			name = Debug;
		};
		B14883681F3C4D32007A9E2E /* Release */ = {
			isa = XCBuildConfiguration;
			buildSettings = {
				ALWAYS_SEARCH_USER_PATHS = NO;
				CLANG_ANALYZER_NONNULL = YES;
				CLANG_ANALYZER_NUMBER_OBJECT_CONVERSION = YES_AGGRESSIVE;
				CLANG_CXX_LANGUAGE_STANDARD = "gnu++0x";
				CLANG_CXX_LIBRARY = "libc++";
				CLANG_ENABLE_MODULES = YES;
				CLANG_ENABLE_OBJC_ARC = YES;
				CLANG_WARN_BOOL_CONVERSION = YES;
				CLANG_WARN_CONSTANT_CONVERSION = YES;
				CLANG_WARN_DIRECT_OBJC_ISA_USAGE = YES_ERROR;
				CLANG_WARN_DOCUMENTATION_COMMENTS = YES;
				CLANG_WARN_EMPTY_BODY = YES;
				CLANG_WARN_ENUM_CONVERSION = YES;
				CLANG_WARN_INFINITE_RECURSION = YES;
				CLANG_WARN_INT_CONVERSION = YES;
				CLANG_WARN_OBJC_ROOT_CLASS = YES_ERROR;
				CLANG_WARN_SUSPICIOUS_MOVE = YES;
				CLANG_WARN_UNREACHABLE_CODE = YES;
				CLANG_WARN__DUPLICATE_METHOD_MATCH = YES;
				"CODE_SIGN_IDENTITY[sdk=iphoneos*]" = "iPhone Developer";
				COPY_PHASE_STRIP = NO;
				DEBUG_INFORMATION_FORMAT = "dwarf-with-dsym";
				ENABLE_NS_ASSERTIONS = NO;
				ENABLE_STRICT_OBJC_MSGSEND = YES;
				GCC_C_LANGUAGE_STANDARD = gnu99;
				GCC_NO_COMMON_BLOCKS = YES;
				GCC_WARN_64_TO_32_BIT_CONVERSION = YES;
				GCC_WARN_ABOUT_RETURN_TYPE = YES_ERROR;
				GCC_WARN_UNDECLARED_SELECTOR = YES;
				GCC_WARN_UNINITIALIZED_AUTOS = YES_AGGRESSIVE;
				GCC_WARN_UNUSED_FUNCTION = YES;
				GCC_WARN_UNUSED_VARIABLE = YES;
				IPHONEOS_DEPLOYMENT_TARGET = 10.3;
				MTL_ENABLE_DEBUG_INFO = NO;
				SDKROOT = iphoneos;
				SWIFT_OPTIMIZATION_LEVEL = "-Owholemodule";
				TARGETED_DEVICE_FAMILY = "1,2";
				VALIDATE_PRODUCT = YES;
			};
			name = Release;
		};
		B148836A1F3C4D32007A9E2E /* Debug */ = {
			isa = XCBuildConfiguration;
			buildSettings = {
				ASSETCATALOG_COMPILER_APPICON_NAME = AppIcon;
				DEVELOPMENT_TEAM = Z7ZDY7W629;
				FRAMEWORK_SEARCH_PATHS = (
					"$(inherited)",
					"$(PROJECT_DIR)/Carthage/Build/iOS",
				);
				INFOPLIST_FILE = NavigationForiOS/Info.plist;
				LD_RUNPATH_SEARCH_PATHS = "$(inherited) @executable_path/Frameworks";
				PRODUCT_BUNDLE_IDENTIFIER = umeSystems.NavigationForiOS;
				PRODUCT_NAME = "$(TARGET_NAME)";
				SWIFT_VERSION = 3.0;
			};
			name = Debug;
		};
		B148836B1F3C4D32007A9E2E /* Release */ = {
			isa = XCBuildConfiguration;
			buildSettings = {
				ASSETCATALOG_COMPILER_APPICON_NAME = AppIcon;
				DEVELOPMENT_TEAM = Z7ZDY7W629;
				FRAMEWORK_SEARCH_PATHS = (
					"$(inherited)",
					"$(PROJECT_DIR)/Carthage/Build/iOS",
				);
				INFOPLIST_FILE = NavigationForiOS/Info.plist;
				LD_RUNPATH_SEARCH_PATHS = "$(inherited) @executable_path/Frameworks";
				PRODUCT_BUNDLE_IDENTIFIER = umeSystems.NavigationForiOS;
				PRODUCT_NAME = "$(TARGET_NAME)";
				SWIFT_VERSION = 3.0;
			};
			name = Release;
		};
		B148836D1F3C4D32007A9E2E /* Debug */ = {
			isa = XCBuildConfiguration;
			buildSettings = {
				ALWAYS_EMBED_SWIFT_STANDARD_LIBRARIES = YES;
				BUNDLE_LOADER = "$(TEST_HOST)";
				DEVELOPMENT_TEAM = Z7ZDY7W629;
				INFOPLIST_FILE = NavigationForiOSTests/Info.plist;
				LD_RUNPATH_SEARCH_PATHS = "$(inherited) @executable_path/Frameworks @loader_path/Frameworks";
				PRODUCT_BUNDLE_IDENTIFIER = umeSystems.NavigationForiOSTests;
				PRODUCT_NAME = "$(TARGET_NAME)";
				SWIFT_VERSION = 3.0;
				TEST_HOST = "$(BUILT_PRODUCTS_DIR)/NavigationForiOS.app/NavigationForiOS";
			};
			name = Debug;
		};
		B148836E1F3C4D32007A9E2E /* Release */ = {
			isa = XCBuildConfiguration;
			buildSettings = {
				ALWAYS_EMBED_SWIFT_STANDARD_LIBRARIES = YES;
				BUNDLE_LOADER = "$(TEST_HOST)";
				DEVELOPMENT_TEAM = Z7ZDY7W629;
				INFOPLIST_FILE = NavigationForiOSTests/Info.plist;
				LD_RUNPATH_SEARCH_PATHS = "$(inherited) @executable_path/Frameworks @loader_path/Frameworks";
				PRODUCT_BUNDLE_IDENTIFIER = umeSystems.NavigationForiOSTests;
				PRODUCT_NAME = "$(TARGET_NAME)";
				SWIFT_VERSION = 3.0;
				TEST_HOST = "$(BUILT_PRODUCTS_DIR)/NavigationForiOS.app/NavigationForiOS";
			};
			name = Release;
		};
		B14883701F3C4D32007A9E2E /* Debug */ = {
			isa = XCBuildConfiguration;
			buildSettings = {
				ALWAYS_EMBED_SWIFT_STANDARD_LIBRARIES = YES;
				DEVELOPMENT_TEAM = Z7ZDY7W629;
				INFOPLIST_FILE = NavigationForiOSUITests/Info.plist;
				LD_RUNPATH_SEARCH_PATHS = "$(inherited) @executable_path/Frameworks @loader_path/Frameworks";
				PRODUCT_BUNDLE_IDENTIFIER = umeSystems.NavigationForiOSUITests;
				PRODUCT_NAME = "$(TARGET_NAME)";
				SWIFT_VERSION = 3.0;
				TEST_TARGET_NAME = NavigationForiOS;
			};
			name = Debug;
		};
		B14883711F3C4D32007A9E2E /* Release */ = {
			isa = XCBuildConfiguration;
			buildSettings = {
				ALWAYS_EMBED_SWIFT_STANDARD_LIBRARIES = YES;
				DEVELOPMENT_TEAM = Z7ZDY7W629;
				INFOPLIST_FILE = NavigationForiOSUITests/Info.plist;
				LD_RUNPATH_SEARCH_PATHS = "$(inherited) @executable_path/Frameworks @loader_path/Frameworks";
				PRODUCT_BUNDLE_IDENTIFIER = umeSystems.NavigationForiOSUITests;
				PRODUCT_NAME = "$(TARGET_NAME)";
				SWIFT_VERSION = 3.0;
				TEST_TARGET_NAME = NavigationForiOS;
			};
			name = Release;
		};
/* End XCBuildConfiguration section */

/* Begin XCConfigurationList section */
		B148833A1F3C4D32007A9E2E /* Build configuration list for PBXProject "NavigationForiOS" */ = {
			isa = XCConfigurationList;
			buildConfigurations = (
				B14883671F3C4D32007A9E2E /* Debug */,
				B14883681F3C4D32007A9E2E /* Release */,
			);
			defaultConfigurationIsVisible = 0;
			defaultConfigurationName = Release;
		};
		B14883691F3C4D32007A9E2E /* Build configuration list for PBXNativeTarget "NavigationForiOS" */ = {
			isa = XCConfigurationList;
			buildConfigurations = (
				B148836A1F3C4D32007A9E2E /* Debug */,
				B148836B1F3C4D32007A9E2E /* Release */,
			);
			defaultConfigurationIsVisible = 0;
			defaultConfigurationName = Release;
		};
		B148836C1F3C4D32007A9E2E /* Build configuration list for PBXNativeTarget "NavigationForiOSTests" */ = {
			isa = XCConfigurationList;
			buildConfigurations = (
				B148836D1F3C4D32007A9E2E /* Debug */,
				B148836E1F3C4D32007A9E2E /* Release */,
			);
			defaultConfigurationIsVisible = 0;
			defaultConfigurationName = Release;
		};
		B148836F1F3C4D32007A9E2E /* Build configuration list for PBXNativeTarget "NavigationForiOSUITests" */ = {
			isa = XCConfigurationList;
			buildConfigurations = (
				B14883701F3C4D32007A9E2E /* Debug */,
				B14883711F3C4D32007A9E2E /* Release */,
			);
			defaultConfigurationIsVisible = 0;
			defaultConfigurationName = Release;
		};
/* End XCConfigurationList section */
	};
	rootObject = B14883371F3C4D32007A9E2E /* Project object */;
}
